
Microsoft Visual Studio Solution File, Format Version 12.00
# Visual Studio Version 16
VisualStudioVersion = 16.0.31005.135
MinimumVisualStudioVersion = 10.0.40219.1
Project("{FAE04EC0-301F-11D3-BF4B-00C04F79EFBC}") = "Thrifty", "Thrifty.csproj", "{19073254-460B-4B5B-A8FF-2230672EBF99}"
EndProject
Global
	GlobalSection(SolutionConfigurationPlatforms) = preSolution
		Debug|Any CPU = Debug|Any CPU
		Release|Any CPU = Release|Any CPU
	EndGlobalSection
	GlobalSection(ProjectConfigurationPlatforms) = postSolution
		{19073254-460B-4B5B-A8FF-2230672EBF99}.Debug|Any CPU.ActiveCfg = Debug|Any CPU
		{19073254-460B-4B5B-A8FF-2230672EBF99}.Debug|Any CPU.Build.0 = Debug|Any CPU
		{19073254-460B-4B5B-A8FF-2230672EBF99}.Release|Any CPU.ActiveCfg = Release|Any CPU
		{19073254-460B-4B5B-A8FF-2230672EBF99}.Release|Any CPU.Build.0 = Release|Any CPU
	EndGlobalSection
	GlobalSection(SolutionProperties) = preSolution
		HideSolutionNode = FALSE
	EndGlobalSection
	GlobalSection(ExtensibilityGlobals) = postSolution
		SolutionGuid = {A4466E36-1757-451F-830C-45F201A97A6A}
	EndGlobalSection
EndGlobal
